
Microsoft Visual Studio Solution File, Format Version 12.00
# Visual Studio Version 17
VisualStudioVersion = 17.4.33205.214
MinimumVisualStudioVersion = 10.0.40219.1
Project("{F184B08F-C81C-45F6-A57F-5ABD9991F28F}") = "WinFormsApp1", "WinFormsApp1\WinFormsApp1.vbproj", "{A84C79E5-4591-4C8B-B90F-DCE3F96271F9}"
EndProject
Global
	GlobalSection(SolutionConfigurationPlatforms) = preSolution
		Debug|Any CPU = Debug|Any CPU
		Release|Any CPU = Release|Any CPU
	EndGlobalSection
	GlobalSection(ProjectConfigurationPlatforms) = postSolution
		{A84C79E5-4591-4C8B-B90F-DCE3F96271F9}.Debug|Any CPU.ActiveCfg = Debug|Any CPU
		{A84C79E5-4591-4C8B-B90F-DCE3F96271F9}.Debug|Any CPU.Build.0 = Debug|Any CPU
		{A84C79E5-4591-4C8B-B90F-DCE3F96271F9}.Release|Any CPU.ActiveCfg = Release|Any CPU
		{A84C79E5-4591-4C8B-B90F-DCE3F96271F9}.Release|Any CPU.Build.0 = Release|Any CPU
	EndGlobalSection
	GlobalSection(SolutionProperties) = preSolution
		HideSolutionNode = FALSE
	EndGlobalSection
	GlobalSection(ExtensibilityGlobals) = postSolution
		SolutionGuid = {4F67F0A2-E997-49E0-BEE7-08083E79D4C4}
	EndGlobalSection
EndGlobal
